
Microsoft Visual Studio Solution File, Format Version 12.00
# Visual Studio Version 16
VisualStudioVersion = 16.0.32228.343
MinimumVisualStudioVersion = 10.0.40219.1
Project("{FAE04EC0-301F-11D3-BF4B-00C04F79EFBC}") = "PP_LABORATORIO_2_2021_Jardineria", "PP_LABORATORIO_2_2021_Jardineria\PP_LABORATORIO_2_2021_Jardineria.csproj", "{46201AFC-B834-4D8C-BD07-3CE0959B1418}"
EndProject
Project("{FAE04EC0-301F-11D3-BF4B-00C04F79EFBC}") = "PP_LABORATORIO_2_Forms", "PP_LABORATORIO_2_Forms\PP_LABORATORIO_2_Forms.csproj", "{F6CAF06E-7D1B-4EBD-898C-E6DD07FE1314}"
EndProject
Global
	GlobalSection(SolutionConfigurationPlatforms) = preSolution
		Debug|Any CPU = Debug|Any CPU
		Release|Any CPU = Release|Any CPU
	EndGlobalSection
	GlobalSection(ProjectConfigurationPlatforms) = postSolution
		{46201AFC-B834-4D8C-BD07-3CE0959B1418}.Debug|Any CPU.ActiveCfg = Debug|Any CPU
		{46201AFC-B834-4D8C-BD07-3CE0959B1418}.Debug|Any CPU.Build.0 = Debug|Any CPU
		{46201AFC-B834-4D8C-BD07-3CE0959B1418}.Release|Any CPU.ActiveCfg = Release|Any CPU
		{46201AFC-B834-4D8C-BD07-3CE0959B1418}.Release|Any CPU.Build.0 = Release|Any CPU
		{F6CAF06E-7D1B-4EBD-898C-E6DD07FE1314}.Debug|Any CPU.ActiveCfg = Debug|Any CPU
		{F6CAF06E-7D1B-4EBD-898C-E6DD07FE1314}.Debug|Any CPU.Build.0 = Debug|Any CPU
		{F6CAF06E-7D1B-4EBD-898C-E6DD07FE1314}.Release|Any CPU.ActiveCfg = Release|Any CPU
		{F6CAF06E-7D1B-4EBD-898C-E6DD07FE1314}.Release|Any CPU.Build.0 = Release|Any CPU
	EndGlobalSection
	GlobalSection(SolutionProperties) = preSolution
		HideSolutionNode = FALSE
	EndGlobalSection
	GlobalSection(ExtensibilityGlobals) = postSolution
		SolutionGuid = {5222230F-DA3E-4E53-84CE-477E16553178}
	EndGlobalSection
EndGlobal
