
Microsoft Visual Studio Solution File, Format Version 12.00
# Visual Studio Version 16
VisualStudioVersion = 16.0.32228.343
MinimumVisualStudioVersion = 10.0.40219.1
Project("{FAE04EC0-301F-11D3-BF4B-00C04F79EFBC}") = "PP_LABORATORIO2_2021", "PP_LABORATORIO2_2021\PP_LABORATORIO2_2021.csproj", "{E8A81C2C-1D91-4055-9EBA-A79FC453F3C2}"
EndProject
Project("{FAE04EC0-301F-11D3-BF4B-00C04F79EFBC}") = "PP_LABORATORIO2_2021_Console", "PP_LABORATORIO2_2021_Console\PP_LABORATORIO2_2021_Console.csproj", "{5C5548F0-C6A8-4E5D-9C8F-4DC8CA7F9282}"
EndProject
Global
	GlobalSection(SolutionConfigurationPlatforms) = preSolution
		Debug|Any CPU = Debug|Any CPU
		Release|Any CPU = Release|Any CPU
	EndGlobalSection
	GlobalSection(ProjectConfigurationPlatforms) = postSolution
		{E8A81C2C-1D91-4055-9EBA-A79FC453F3C2}.Debug|Any CPU.ActiveCfg = Debug|Any CPU
		{E8A81C2C-1D91-4055-9EBA-A79FC453F3C2}.Debug|Any CPU.Build.0 = Debug|Any CPU
		{E8A81C2C-1D91-4055-9EBA-A79FC453F3C2}.Release|Any CPU.ActiveCfg = Release|Any CPU
		{E8A81C2C-1D91-4055-9EBA-A79FC453F3C2}.Release|Any CPU.Build.0 = Release|Any CPU
		{5C5548F0-C6A8-4E5D-9C8F-4DC8CA7F9282}.Debug|Any CPU.ActiveCfg = Debug|Any CPU
		{5C5548F0-C6A8-4E5D-9C8F-4DC8CA7F9282}.Debug|Any CPU.Build.0 = Debug|Any CPU
		{5C5548F0-C6A8-4E5D-9C8F-4DC8CA7F9282}.Release|Any CPU.ActiveCfg = Release|Any CPU
		{5C5548F0-C6A8-4E5D-9C8F-4DC8CA7F9282}.Release|Any CPU.Build.0 = Release|Any CPU
	EndGlobalSection
	GlobalSection(SolutionProperties) = preSolution
		HideSolutionNode = FALSE
	EndGlobalSection
	GlobalSection(ExtensibilityGlobals) = postSolution
		SolutionGuid = {89EA12AF-CFB3-4333-842B-32899C0B2E54}
	EndGlobalSection
EndGlobal
